// !$*UTF8*$!
{
	archiveVersion = 1;
	classes = {
	};
	objectVersion = 46;
	objects = {

/* Begin PBXBuildFile section */
		1A1EE42D1D1D22B000365A00 /* MBProgressHUD.m in Sources */ = {isa = PBXBuildFile; fileRef = 1A1EE42C1D1D22B000365A00 /* MBProgressHUD.m */; };
		1A1EE4301D1D22CF00365A00 /* CircleProgressBar.m in Sources */ = {isa = PBXBuildFile; fileRef = 1A1EE42F1D1D22CF00365A00 /* CircleProgressBar.m */; };
		1A1EE4461D1D22E600365A00 /* MMDrawerController.m in Sources */ = {isa = PBXBuildFile; fileRef = 1A1EE4321D1D22E600365A00 /* MMDrawerController.m */; };
		1A1EE4471D1D22E600365A00 /* UIViewController+MMDrawerController.m in Sources */ = {isa = PBXBuildFile; fileRef = 1A1EE4341D1D22E600365A00 /* UIViewController+MMDrawerController.m */; };
		1A1EE4481D1D22E600365A00 /* MMDrawerBarButtonItem.m in Sources */ = {isa = PBXBuildFile; fileRef = 1A1EE4371D1D22E600365A00 /* MMDrawerBarButtonItem.m */; };
		1A1EE4491D1D22E600365A00 /* MMDrawerVisualState.m in Sources */ = {isa = PBXBuildFile; fileRef = 1A1EE43A1D1D22E600365A00 /* MMDrawerVisualState.m */; };
		1A1EE44A1D1D22E600365A00 /* Info.plist in Resources */ = {isa = PBXBuildFile; fileRef = 1A1EE43E1D1D22E600365A00 /* Info.plist */; };
		1A1EE44C1D1D22E600365A00 /* MMDrawerController-dummy.m in Sources */ = {isa = PBXBuildFile; fileRef = 1A1EE4411D1D22E600365A00 /* MMDrawerController-dummy.m */; };
		1A40F5E61D1959D000F7A1FA /* PhotoBroswerViewController.swift in Sources */ = {isa = PBXBuildFile; fileRef = 1A40F5E51D1959D000F7A1FA /* PhotoBroswerViewController.swift */; };
		1A40F5E91D19605C00F7A1FA /* CollectionViewCell.swift in Sources */ = {isa = PBXBuildFile; fileRef = 1A40F5E81D19605C00F7A1FA /* CollectionViewCell.swift */; };
		1A40F5F61D19629E00F7A1FA /* image0.jpg in Resources */ = {isa = PBXBuildFile; fileRef = 1A40F5EA1D19629E00F7A1FA /* image0.jpg */; };
		1A40F5F71D19629E00F7A1FA /* image1.jpg in Resources */ = {isa = PBXBuildFile; fileRef = 1A40F5EB1D19629E00F7A1FA /* image1.jpg */; };
		1A40F5F81D19629E00F7A1FA /* image10.jpg in Resources */ = {isa = PBXBuildFile; fileRef = 1A40F5EC1D19629E00F7A1FA /* image10.jpg */; };
		1A40F5F91D19629E00F7A1FA /* image12.jpg in Resources */ = {isa = PBXBuildFile; fileRef = 1A40F5ED1D19629E00F7A1FA /* image12.jpg */; };
		1A40F5FA1D19629E00F7A1FA /* image2.jpg in Resources */ = {isa = PBXBuildFile; fileRef = 1A40F5EE1D19629E00F7A1FA /* image2.jpg */; };
		1A40F5FB1D19629E00F7A1FA /* image3.jpg in Resources */ = {isa = PBXBuildFile; fileRef = 1A40F5EF1D19629E00F7A1FA /* image3.jpg */; };
		1A40F5FC1D19629E00F7A1FA /* image4.jpg in Resources */ = {isa = PBXBuildFile; fileRef = 1A40F5F01D19629E00F7A1FA /* image4.jpg */; };
		1A40F5FD1D19629E00F7A1FA /* image5.jpg in Resources */ = {isa = PBXBuildFile; fileRef = 1A40F5F11D19629E00F7A1FA /* image5.jpg */; };
		1A40F5FE1D19629E00F7A1FA /* image6.jpg in Resources */ = {isa = PBXBuildFile; fileRef = 1A40F5F21D19629E00F7A1FA /* image6.jpg */; };
		1A40F5FF1D19629E00F7A1FA /* image7.jpg in Resources */ = {isa = PBXBuildFile; fileRef = 1A40F5F31D19629E00F7A1FA /* image7.jpg */; };
		1A40F6001D19629E00F7A1FA /* image8.jpg in Resources */ = {isa = PBXBuildFile; fileRef = 1A40F5F41D19629E00F7A1FA /* image8.jpg */; };
		1A40F6011D19629E00F7A1FA /* image9.jpg in Resources */ = {isa = PBXBuildFile; fileRef = 1A40F5F51D19629E00F7A1FA /* image9.jpg */; };
		1A82B8471D13774600AF6702 /* AppDelegate.swift in Sources */ = {isa = PBXBuildFile; fileRef = 1A82B8461D13774600AF6702 /* AppDelegate.swift */; };
		1A82B8491D13774600AF6702 /* ViewController.swift in Sources */ = {isa = PBXBuildFile; fileRef = 1A82B8481D13774600AF6702 /* ViewController.swift */; };
		1A82B84C1D13774600AF6702 /* Main.storyboard in Resources */ = {isa = PBXBuildFile; fileRef = 1A82B84A1D13774600AF6702 /* Main.storyboard */; };
		1A82B84F1D13774600AF6702 /* Chancecon.xcdatamodeld in Sources */ = {isa = PBXBuildFile; fileRef = 1A82B84D1D13774600AF6702 /* Chancecon.xcdatamodeld */; };
		1A82B8511D13774600AF6702 /* Assets.xcassets in Resources */ = {isa = PBXBuildFile; fileRef = 1A82B8501D13774600AF6702 /* Assets.xcassets */; };
		1A82B8541D13774600AF6702 /* LaunchScreen.storyboard in Resources */ = {isa = PBXBuildFile; fileRef = 1A82B8521D13774600AF6702 /* LaunchScreen.storyboard */; };
		1A82B85C1D1377BA00AF6702 /* Retina_5.5.png in Resources */ = {isa = PBXBuildFile; fileRef = 1A82B85B1D1377BA00AF6702 /* Retina_5.5.png */; };
		1A82B8621D13835500AF6702 /* LBLaunchImageAdView.m in Sources */ = {isa = PBXBuildFile; fileRef = 1A82B8611D13835500AF6702 /* LBLaunchImageAdView.m */; };
		1A82B8B11D1385CD00AF6702 /* MKAnnotationView+WebCache.m in Sources */ = {isa = PBXBuildFile; fileRef = 1A82B8911D1385CD00AF6702 /* MKAnnotationView+WebCache.m */; };
		1A82B8B21D1385CD00AF6702 /* NSData+ImageContentType.m in Sources */ = {isa = PBXBuildFile; fileRef = 1A82B8931D1385CD00AF6702 /* NSData+ImageContentType.m */; };
		1A82B8B31D1385CD00AF6702 /* SDImageCache.m in Sources */ = {isa = PBXBuildFile; fileRef = 1A82B8951D1385CD00AF6702 /* SDImageCache.m */; };
		1A82B8B41D1385CD00AF6702 /* SDWebImageCompat.m in Sources */ = {isa = PBXBuildFile; fileRef = 1A82B8971D1385CD00AF6702 /* SDWebImageCompat.m */; };
		1A82B8B51D1385CD00AF6702 /* SDWebImageDecoder.m in Sources */ = {isa = PBXBuildFile; fileRef = 1A82B8991D1385CD00AF6702 /* SDWebImageDecoder.m */; };
		1A82B8B61D1385CD00AF6702 /* SDWebImageDownloader.m in Sources */ = {isa = PBXBuildFile; fileRef = 1A82B89B1D1385CD00AF6702 /* SDWebImageDownloader.m */; };
		1A82B8B71D1385CD00AF6702 /* SDWebImageDownloaderOperation.m in Sources */ = {isa = PBXBuildFile; fileRef = 1A82B89D1D1385CD00AF6702 /* SDWebImageDownloaderOperation.m */; };
		1A82B8B81D1385CD00AF6702 /* SDWebImageManager.m in Sources */ = {isa = PBXBuildFile; fileRef = 1A82B89F1D1385CD00AF6702 /* SDWebImageManager.m */; };
		1A82B8B91D1385CD00AF6702 /* SDWebImagePrefetcher.m in Sources */ = {isa = PBXBuildFile; fileRef = 1A82B8A21D1385CD00AF6702 /* SDWebImagePrefetcher.m */; };
		1A82B8BA1D1385CD00AF6702 /* UIButton+WebCache.m in Sources */ = {isa = PBXBuildFile; fileRef = 1A82B8A41D1385CD00AF6702 /* UIButton+WebCache.m */; };
		1A82B8BB1D1385CD00AF6702 /* UIImage+GIF.m in Sources */ = {isa = PBXBuildFile; fileRef = 1A82B8A61D1385CD00AF6702 /* UIImage+GIF.m */; };
		1A82B8BC1D1385CD00AF6702 /* UIImage+MultiFormat.m in Sources */ = {isa = PBXBuildFile; fileRef = 1A82B8A81D1385CD00AF6702 /* UIImage+MultiFormat.m */; };
		1A82B8BD1D1385CD00AF6702 /* UIImage+WebP.m in Sources */ = {isa = PBXBuildFile; fileRef = 1A82B8AA1D1385CD00AF6702 /* UIImage+WebP.m */; };
		1A82B8BE1D1385CD00AF6702 /* UIImageView+HighlightedWebCache.m in Sources */ = {isa = PBXBuildFile; fileRef = 1A82B8AC1D1385CD00AF6702 /* UIImageView+HighlightedWebCache.m */; };
		1A82B8BF1D1385CD00AF6702 /* UIImageView+WebCache.m in Sources */ = {isa = PBXBuildFile; fileRef = 1A82B8AE1D1385CD00AF6702 /* UIImageView+WebCache.m */; };
		1A82B8C01D1385CD00AF6702 /* UIView+WebCacheOperation.m in Sources */ = {isa = PBXBuildFile; fileRef = 1A82B8B01D1385CD00AF6702 /* UIView+WebCacheOperation.m */; };
		1A82B8C21D13911800AF6702 /* AdViewController.swift in Sources */ = {isa = PBXBuildFile; fileRef = 1A82B8C11D13911800AF6702 /* AdViewController.swift */; };
		1A82B8D21D148A1B00AF6702 /* LeftSideViewController.swift in Sources */ = {isa = PBXBuildFile; fileRef = 1A82B8D11D148A1B00AF6702 /* LeftSideViewController.swift */; };
		1A82B8D61D148EC300AF6702 /* MainPageViewController.swift in Sources */ = {isa = PBXBuildFile; fileRef = 1A82B8D51D148EC300AF6702 /* MainPageViewController.swift */; };
		1A82B8D91D148F9600AF6702 /* GoogleService-Info.plist in Resources */ = {isa = PBXBuildFile; fileRef = 1A82B8D81D148F9600AF6702 /* GoogleService-Info.plist */; };
		1A82B8DD1D14B07000AF6702 /* AboutViewController.swift in Sources */ = {isa = PBXBuildFile; fileRef = 1A82B8DC1D14B07000AF6702 /* AboutViewController.swift */; };
		1A94BB9B1D2DD7E800317925 /* Values.swift in Sources */ = {isa = PBXBuildFile; fileRef = 1A94BB9A1D2DD7E800317925 /* Values.swift */; };
		1AA97A961D14E18D00B10A07 /* SignUpViewController.swift in Sources */ = {isa = PBXBuildFile; fileRef = 1AA97A951D14E18D00B10A07 /* SignUpViewController.swift */; };
		1ACF710E1D199BDF0082A10B /* NewsViewController.swift in Sources */ = {isa = PBXBuildFile; fileRef = 1ACF710D1D199BDF0082A10B /* NewsViewController.swift */; };
		1AEB268E1D17B9E500DB4AF0 /* GalleryViewController.swift in Sources */ = {isa = PBXBuildFile; fileRef = 1AEB268D1D17B9E500DB4AF0 /* GalleryViewController.swift */; };
		1AF3EEF31D18D5BE00083C2B /* CustomCell.swift in Sources */ = {isa = PBXBuildFile; fileRef = 1AF3EEF21D18D5BE00083C2B /* CustomCell.swift */; };
		D965ADEA7AF1D24C361CD4FC /* Pods_Chancecon.framework in Frameworks */ = {isa = PBXBuildFile; fileRef = 9E95964DBD2A9298CC0E6504 /* Pods_Chancecon.framework */; };
/* End PBXBuildFile section */

/* Begin PBXFileReference section */
		0A6A4BF2A36EBCD162FFD333 /* Pods-Chancecon.release.xcconfig */ = {isa = PBXFileReference; includeInIndex = 1; lastKnownFileType = text.xcconfig; name = "Pods-Chancecon.release.xcconfig"; path = "Pods/Target Support Files/Pods-Chancecon/Pods-Chancecon.release.xcconfig"; sourceTree = "<group>"; };
		1A1EE42B1D1D22B000365A00 /* MBProgressHUD.h */ = {isa = PBXFileReference; fileEncoding = 4; lastKnownFileType = sourcecode.c.h; path = MBProgressHUD.h; sourceTree = "<group>"; };
		1A1EE42C1D1D22B000365A00 /* MBProgressHUD.m */ = {isa = PBXFileReference; fileEncoding = 4; lastKnownFileType = sourcecode.c.objc; path = MBProgressHUD.m; sourceTree = "<group>"; };
		1A1EE42E1D1D22CF00365A00 /* CircleProgressBar.h */ = {isa = PBXFileReference; fileEncoding = 4; lastKnownFileType = sourcecode.c.h; path = CircleProgressBar.h; sourceTree = "<group>"; };
		1A1EE42F1D1D22CF00365A00 /* CircleProgressBar.m */ = {isa = PBXFileReference; fileEncoding = 4; lastKnownFileType = sourcecode.c.objc; path = CircleProgressBar.m; sourceTree = "<group>"; };
		1A1EE4311D1D22E600365A00 /* MMDrawerController.h */ = {isa = PBXFileReference; fileEncoding = 4; lastKnownFileType = sourcecode.c.h; name = MMDrawerController.h; path = MMDrawerController/MMDrawerController.h; sourceTree = "<group>"; };
		1A1EE4321D1D22E600365A00 /* MMDrawerController.m */ = {isa = PBXFileReference; fileEncoding = 4; lastKnownFileType = sourcecode.c.objc; name = MMDrawerController.m; path = MMDrawerController/MMDrawerController.m; sourceTree = "<group>"; };
		1A1EE4331D1D22E600365A00 /* UIViewController+MMDrawerController.h */ = {isa = PBXFileReference; fileEncoding = 4; lastKnownFileType = sourcecode.c.h; name = "UIViewController+MMDrawerController.h"; path = "MMDrawerController/UIViewController+MMDrawerController.h"; sourceTree = "<group>"; };
		1A1EE4341D1D22E600365A00 /* UIViewController+MMDrawerController.m */ = {isa = PBXFileReference; fileEncoding = 4; lastKnownFileType = sourcecode.c.objc; name = "UIViewController+MMDrawerController.m"; path = "MMDrawerController/UIViewController+MMDrawerController.m"; sourceTree = "<group>"; };
		1A1EE4361D1D22E600365A00 /* MMDrawerBarButtonItem.h */ = {isa = PBXFileReference; fileEncoding = 4; lastKnownFileType = sourcecode.c.h; name = MMDrawerBarButtonItem.h; path = MMDrawerController/MMDrawerBarButtonItem.h; sourceTree = "<group>"; };
		1A1EE4371D1D22E600365A00 /* MMDrawerBarButtonItem.m */ = {isa = PBXFileReference; fileEncoding = 4; lastKnownFileType = sourcecode.c.objc; name = MMDrawerBarButtonItem.m; path = MMDrawerController/MMDrawerBarButtonItem.m; sourceTree = "<group>"; };
		1A1EE4391D1D22E600365A00 /* MMDrawerVisualState.h */ = {isa = PBXFileReference; fileEncoding = 4; lastKnownFileType = sourcecode.c.h; name = MMDrawerVisualState.h; path = MMDrawerController/MMDrawerVisualState.h; sourceTree = "<group>"; };
		1A1EE43A1D1D22E600365A00 /* MMDrawerVisualState.m */ = {isa = PBXFileReference; fileEncoding = 4; lastKnownFileType = sourcecode.c.objc; name = MMDrawerVisualState.m; path = MMDrawerController/MMDrawerVisualState.m; sourceTree = "<group>"; };
		1A1EE43C1D1D22E600365A00 /* MMDrawerController+Subclass.h */ = {isa = PBXFileReference; fileEncoding = 4; lastKnownFileType = sourcecode.c.h; name = "MMDrawerController+Subclass.h"; path = "MMDrawerController/MMDrawerController+Subclass.h"; sourceTree = "<group>"; };
		1A1EE43E1D1D22E600365A00 /* Info.plist */ = {isa = PBXFileReference; fileEncoding = 4; lastKnownFileType = text.plist.xml; path = Info.plist; sourceTree = "<group>"; };
		1A1EE43F1D1D22E600365A00 /* MMDrawerController.modulemap */ = {isa = PBXFileReference; fileEncoding = 4; lastKnownFileType = "sourcecode.module-map"; path = MMDrawerController.modulemap; sourceTree = "<group>"; };
		1A1EE4401D1D22E600365A00 /* MMDrawerController.xcconfig */ = {isa = PBXFileReference; fileEncoding = 4; lastKnownFileType = text.xcconfig; path = MMDrawerController.xcconfig; sourceTree = "<group>"; };
		1A1EE4411D1D22E600365A00 /* MMDrawerController-dummy.m */ = {isa = PBXFileReference; fileEncoding = 4; lastKnownFileType = sourcecode.c.objc; path = "MMDrawerController-dummy.m"; sourceTree = "<group>"; };
		1A1EE4421D1D22E600365A00 /* MMDrawerController-prefix.pch */ = {isa = PBXFileReference; fileEncoding = 4; lastKnownFileType = sourcecode.c.h; path = "MMDrawerController-prefix.pch"; sourceTree = "<group>"; };
		1A1EE4431D1D22E600365A00 /* MMDrawerController-umbrella.h */ = {isa = PBXFileReference; fileEncoding = 4; lastKnownFileType = sourcecode.c.h; path = "MMDrawerController-umbrella.h"; sourceTree = "<group>"; };
		1A40F5E51D1959D000F7A1FA /* PhotoBroswerViewController.swift */ = {isa = PBXFileReference; fileEncoding = 4; lastKnownFileType = sourcecode.swift; path = PhotoBroswerViewController.swift; sourceTree = "<group>"; };
		1A40F5E81D19605C00F7A1FA /* CollectionViewCell.swift */ = {isa = PBXFileReference; fileEncoding = 4; lastKnownFileType = sourcecode.swift; path = CollectionViewCell.swift; sourceTree = "<group>"; };
		1A40F5EA1D19629E00F7A1FA /* image0.jpg */ = {isa = PBXFileReference; lastKnownFileType = image.jpeg; path = image0.jpg; sourceTree = "<group>"; };
		1A40F5EB1D19629E00F7A1FA /* image1.jpg */ = {isa = PBXFileReference; lastKnownFileType = image.jpeg; path = image1.jpg; sourceTree = "<group>"; };
		1A40F5EC1D19629E00F7A1FA /* image10.jpg */ = {isa = PBXFileReference; lastKnownFileType = image.jpeg; path = image10.jpg; sourceTree = "<group>"; };
		1A40F5ED1D19629E00F7A1FA /* image12.jpg */ = {isa = PBXFileReference; lastKnownFileType = image.jpeg; path = image12.jpg; sourceTree = "<group>"; };
		1A40F5EE1D19629E00F7A1FA /* image2.jpg */ = {isa = PBXFileReference; lastKnownFileType = image.jpeg; path = image2.jpg; sourceTree = "<group>"; };
		1A40F5EF1D19629E00F7A1FA /* image3.jpg */ = {isa = PBXFileReference; lastKnownFileType = image.jpeg; path = image3.jpg; sourceTree = "<group>"; };
		1A40F5F01D19629E00F7A1FA /* image4.jpg */ = {isa = PBXFileReference; lastKnownFileType = image.jpeg; path = image4.jpg; sourceTree = "<group>"; };
		1A40F5F11D19629E00F7A1FA /* image5.jpg */ = {isa = PBXFileReference; lastKnownFileType = image.jpeg; path = image5.jpg; sourceTree = "<group>"; };
		1A40F5F21D19629E00F7A1FA /* image6.jpg */ = {isa = PBXFileReference; lastKnownFileType = image.jpeg; path = image6.jpg; sourceTree = "<group>"; };
		1A40F5F31D19629E00F7A1FA /* image7.jpg */ = {isa = PBXFileReference; lastKnownFileType = image.jpeg; path = image7.jpg; sourceTree = "<group>"; };
		1A40F5F41D19629E00F7A1FA /* image8.jpg */ = {isa = PBXFileReference; lastKnownFileType = image.jpeg; path = image8.jpg; sourceTree = "<group>"; };
		1A40F5F51D19629E00F7A1FA /* image9.jpg */ = {isa = PBXFileReference; lastKnownFileType = image.jpeg; path = image9.jpg; sourceTree = "<group>"; };
		1A82B8431D13774600AF6702 /* Chancecon.app */ = {isa = PBXFileReference; explicitFileType = wrapper.application; includeInIndex = 0; path = Chancecon.app; sourceTree = BUILT_PRODUCTS_DIR; };
		1A82B8461D13774600AF6702 /* AppDelegate.swift */ = {isa = PBXFileReference; lastKnownFileType = sourcecode.swift; path = AppDelegate.swift; sourceTree = "<group>"; };
		1A82B8481D13774600AF6702 /* ViewController.swift */ = {isa = PBXFileReference; lastKnownFileType = sourcecode.swift; path = ViewController.swift; sourceTree = "<group>"; };
		1A82B84B1D13774600AF6702 /* Base */ = {isa = PBXFileReference; lastKnownFileType = file.storyboard; name = Base; path = Base.lproj/Main.storyboard; sourceTree = "<group>"; };
		1A82B84E1D13774600AF6702 /* Chancecon.xcdatamodel */ = {isa = PBXFileReference; lastKnownFileType = wrapper.xcdatamodel; path = Chancecon.xcdatamodel; sourceTree = "<group>"; };
		1A82B8501D13774600AF6702 /* Assets.xcassets */ = {isa = PBXFileReference; lastKnownFileType = folder.assetcatalog; path = Assets.xcassets; sourceTree = "<group>"; };
		1A82B8531D13774600AF6702 /* Base */ = {isa = PBXFileReference; lastKnownFileType = file.storyboard; name = Base; path = Base.lproj/LaunchScreen.storyboard; sourceTree = "<group>"; };
		1A82B8551D13774600AF6702 /* Info.plist */ = {isa = PBXFileReference; lastKnownFileType = text.plist.xml; path = Info.plist; sourceTree = "<group>"; };
		1A82B85B1D1377BA00AF6702 /* Retina_5.5.png */ = {isa = PBXFileReference; lastKnownFileType = image.png; path = Retina_5.5.png; sourceTree = "<group>"; };
		1A82B85F1D13835400AF6702 /* Chancecon-Bridging-Header.h */ = {isa = PBXFileReference; lastKnownFileType = sourcecode.c.h; path = "Chancecon-Bridging-Header.h"; sourceTree = "<group>"; };
		1A82B8601D13835500AF6702 /* LBLaunchImageAdView.h */ = {isa = PBXFileReference; fileEncoding = 4; lastKnownFileType = sourcecode.c.h; path = LBLaunchImageAdView.h; sourceTree = "<group>"; };
		1A82B8611D13835500AF6702 /* LBLaunchImageAdView.m */ = {isa = PBXFileReference; fileEncoding = 4; lastKnownFileType = sourcecode.c.objc; path = LBLaunchImageAdView.m; sourceTree = "<group>"; };
		1A82B8901D1385CD00AF6702 /* MKAnnotationView+WebCache.h */ = {isa = PBXFileReference; fileEncoding = 4; lastKnownFileType = sourcecode.c.h; path = "MKAnnotationView+WebCache.h"; sourceTree = "<group>"; };
		1A82B8911D1385CD00AF6702 /* MKAnnotationView+WebCache.m */ = {isa = PBXFileReference; fileEncoding = 4; lastKnownFileType = sourcecode.c.objc; path = "MKAnnotationView+WebCache.m"; sourceTree = "<group>"; };
		1A82B8921D1385CD00AF6702 /* NSData+ImageContentType.h */ = {isa = PBXFileReference; fileEncoding = 4; lastKnownFileType = sourcecode.c.h; path = "NSData+ImageContentType.h"; sourceTree = "<group>"; };
		1A82B8931D1385CD00AF6702 /* NSData+ImageContentType.m */ = {isa = PBXFileReference; fileEncoding = 4; lastKnownFileType = sourcecode.c.objc; path = "NSData+ImageContentType.m"; sourceTree = "<group>"; };
		1A82B8941D1385CD00AF6702 /* SDImageCache.h */ = {isa = PBXFileReference; fileEncoding = 4; lastKnownFileType = sourcecode.c.h; path = SDImageCache.h; sourceTree = "<group>"; };
		1A82B8951D1385CD00AF6702 /* SDImageCache.m */ = {isa = PBXFileReference; fileEncoding = 4; lastKnownFileType = sourcecode.c.objc; path = SDImageCache.m; sourceTree = "<group>"; };
		1A82B8961D1385CD00AF6702 /* SDWebImageCompat.h */ = {isa = PBXFileReference; fileEncoding = 4; lastKnownFileType = sourcecode.c.h; path = SDWebImageCompat.h; sourceTree = "<group>"; };
		1A82B8971D1385CD00AF6702 /* SDWebImageCompat.m */ = {isa = PBXFileReference; fileEncoding = 4; lastKnownFileType = sourcecode.c.objc; path = SDWebImageCompat.m; sourceTree = "<group>"; };
		1A82B8981D1385CD00AF6702 /* SDWebImageDecoder.h */ = {isa = PBXFileReference; fileEncoding = 4; lastKnownFileType = sourcecode.c.h; path = SDWebImageDecoder.h; sourceTree = "<group>"; };
		1A82B8991D1385CD00AF6702 /* SDWebImageDecoder.m */ = {isa = PBXFileReference; fileEncoding = 4; lastKnownFileType = sourcecode.c.objc; path = SDWebImageDecoder.m; sourceTree = "<group>"; };
		1A82B89A1D1385CD00AF6702 /* SDWebImageDownloader.h */ = {isa = PBXFileReference; fileEncoding = 4; lastKnownFileType = sourcecode.c.h; path = SDWebImageDownloader.h; sourceTree = "<group>"; };
		1A82B89B1D1385CD00AF6702 /* SDWebImageDownloader.m */ = {isa = PBXFileReference; fileEncoding = 4; lastKnownFileType = sourcecode.c.objc; path = SDWebImageDownloader.m; sourceTree = "<group>"; };
		1A82B89C1D1385CD00AF6702 /* SDWebImageDownloaderOperation.h */ = {isa = PBXFileReference; fileEncoding = 4; lastKnownFileType = sourcecode.c.h; path = SDWebImageDownloaderOperation.h; sourceTree = "<group>"; };
		1A82B89D1D1385CD00AF6702 /* SDWebImageDownloaderOperation.m */ = {isa = PBXFileReference; fileEncoding = 4; lastKnownFileType = sourcecode.c.objc; path = SDWebImageDownloaderOperation.m; sourceTree = "<group>"; };
		1A82B89E1D1385CD00AF6702 /* SDWebImageManager.h */ = {isa = PBXFileReference; fileEncoding = 4; lastKnownFileType = sourcecode.c.h; path = SDWebImageManager.h; sourceTree = "<group>"; };
		1A82B89F1D1385CD00AF6702 /* SDWebImageManager.m */ = {isa = PBXFileReference; fileEncoding = 4; lastKnownFileType = sourcecode.c.objc; path = SDWebImageManager.m; sourceTree = "<group>"; };
		1A82B8A01D1385CD00AF6702 /* SDWebImageOperation.h */ = {isa = PBXFileReference; fileEncoding = 4; lastKnownFileType = sourcecode.c.h; path = SDWebImageOperation.h; sourceTree = "<group>"; };
		1A82B8A11D1385CD00AF6702 /* SDWebImagePrefetcher.h */ = {isa = PBXFileReference; fileEncoding = 4; lastKnownFileType = sourcecode.c.h; path = SDWebImagePrefetcher.h; sourceTree = "<group>"; };
		1A82B8A21D1385CD00AF6702 /* SDWebImagePrefetcher.m */ = {isa = PBXFileReference; fileEncoding = 4; lastKnownFileType = sourcecode.c.objc; path = SDWebImagePrefetcher.m; sourceTree = "<group>"; };
		1A82B8A31D1385CD00AF6702 /* UIButton+WebCache.h */ = {isa = PBXFileReference; fileEncoding = 4; lastKnownFileType = sourcecode.c.h; path = "UIButton+WebCache.h"; sourceTree = "<group>"; };
		1A82B8A41D1385CD00AF6702 /* UIButton+WebCache.m */ = {isa = PBXFileReference; fileEncoding = 4; lastKnownFileType = sourcecode.c.objc; path = "UIButton+WebCache.m"; sourceTree = "<group>"; };
		1A82B8A51D1385CD00AF6702 /* UIImage+GIF.h */ = {isa = PBXFileReference; fileEncoding = 4; lastKnownFileType = sourcecode.c.h; path = "UIImage+GIF.h"; sourceTree = "<group>"; };
		1A82B8A61D1385CD00AF6702 /* UIImage+GIF.m */ = {isa = PBXFileReference; fileEncoding = 4; lastKnownFileType = sourcecode.c.objc; path = "UIImage+GIF.m"; sourceTree = "<group>"; };
		1A82B8A71D1385CD00AF6702 /* UIImage+MultiFormat.h */ = {isa = PBXFileReference; fileEncoding = 4; lastKnownFileType = sourcecode.c.h; path = "UIImage+MultiFormat.h"; sourceTree = "<group>"; };
		1A82B8A81D1385CD00AF6702 /* UIImage+MultiFormat.m */ = {isa = PBXFileReference; fileEncoding = 4; lastKnownFileType = sourcecode.c.objc; path = "UIImage+MultiFormat.m"; sourceTree = "<group>"; };
		1A82B8A91D1385CD00AF6702 /* UIImage+WebP.h */ = {isa = PBXFileReference; fileEncoding = 4; lastKnownFileType = sourcecode.c.h; path = "UIImage+WebP.h"; sourceTree = "<group>"; };
		1A82B8AA1D1385CD00AF6702 /* UIImage+WebP.m */ = {isa = PBXFileReference; fileEncoding = 4; lastKnownFileType = sourcecode.c.objc; path = "UIImage+WebP.m"; sourceTree = "<group>"; };
		1A82B8AB1D1385CD00AF6702 /* UIImageView+HighlightedWebCache.h */ = {isa = PBXFileReference; fileEncoding = 4; lastKnownFileType = sourcecode.c.h; path = "UIImageView+HighlightedWebCache.h"; sourceTree = "<group>"; };
		1A82B8AC1D1385CD00AF6702 /* UIImageView+HighlightedWebCache.m */ = {isa = PBXFileReference; fileEncoding = 4; lastKnownFileType = sourcecode.c.objc; path = "UIImageView+HighlightedWebCache.m"; sourceTree = "<group>"; };
		1A82B8AD1D1385CD00AF6702 /* UIImageView+WebCache.h */ = {isa = PBXFileReference; fileEncoding = 4; lastKnownFileType = sourcecode.c.h; path = "UIImageView+WebCache.h"; sourceTree = "<group>"; };
		1A82B8AE1D1385CD00AF6702 /* UIImageView+WebCache.m */ = {isa = PBXFileReference; fileEncoding = 4; lastKnownFileType = sourcecode.c.objc; path = "UIImageView+WebCache.m"; sourceTree = "<group>"; };
		1A82B8AF1D1385CD00AF6702 /* UIView+WebCacheOperation.h */ = {isa = PBXFileReference; fileEncoding = 4; lastKnownFileType = sourcecode.c.h; path = "UIView+WebCacheOperation.h"; sourceTree = "<group>"; };
		1A82B8B01D1385CD00AF6702 /* UIView+WebCacheOperation.m */ = {isa = PBXFileReference; fileEncoding = 4; lastKnownFileType = sourcecode.c.objc; path = "UIView+WebCacheOperation.m"; sourceTree = "<group>"; };
		1A82B8C11D13911800AF6702 /* AdViewController.swift */ = {isa = PBXFileReference; fileEncoding = 4; lastKnownFileType = sourcecode.swift; path = AdViewController.swift; sourceTree = "<group>"; };
		1A82B8D11D148A1B00AF6702 /* LeftSideViewController.swift */ = {isa = PBXFileReference; fileEncoding = 4; lastKnownFileType = sourcecode.swift; path = LeftSideViewController.swift; sourceTree = "<group>"; };
		1A82B8D51D148EC300AF6702 /* MainPageViewController.swift */ = {isa = PBXFileReference; fileEncoding = 4; lastKnownFileType = sourcecode.swift; path = MainPageViewController.swift; sourceTree = "<group>"; };
		1A82B8D81D148F9600AF6702 /* GoogleService-Info.plist */ = {isa = PBXFileReference; fileEncoding = 4; lastKnownFileType = text.plist.xml; path = "GoogleService-Info.plist"; sourceTree = "<group>"; };
		1A82B8DC1D14B07000AF6702 /* AboutViewController.swift */ = {isa = PBXFileReference; fileEncoding = 4; lastKnownFileType = sourcecode.swift; path = AboutViewController.swift; sourceTree = "<group>"; };
		1A94BB9A1D2DD7E800317925 /* Values.swift */ = {isa = PBXFileReference; fileEncoding = 4; lastKnownFileType = sourcecode.swift; path = Values.swift; sourceTree = "<group>"; };
		1AA97A951D14E18D00B10A07 /* SignUpViewController.swift */ = {isa = PBXFileReference; fileEncoding = 4; lastKnownFileType = sourcecode.swift; path = SignUpViewController.swift; sourceTree = "<group>"; };
		1ACF710D1D199BDF0082A10B /* NewsViewController.swift */ = {isa = PBXFileReference; fileEncoding = 4; lastKnownFileType = sourcecode.swift; path = NewsViewController.swift; sourceTree = "<group>"; };
		1AEB268D1D17B9E500DB4AF0 /* GalleryViewController.swift */ = {isa = PBXFileReference; fileEncoding = 4; lastKnownFileType = sourcecode.swift; path = GalleryViewController.swift; sourceTree = "<group>"; };
		1AF3EEF21D18D5BE00083C2B /* CustomCell.swift */ = {isa = PBXFileReference; fileEncoding = 4; lastKnownFileType = sourcecode.swift; path = CustomCell.swift; sourceTree = "<group>"; };
		712E7D77D7BE81BB879A4A84 /* Pods-Chancecon.debug.xcconfig */ = {isa = PBXFileReference; includeInIndex = 1; lastKnownFileType = text.xcconfig; name = "Pods-Chancecon.debug.xcconfig"; path = "Pods/Target Support Files/Pods-Chancecon/Pods-Chancecon.debug.xcconfig"; sourceTree = "<group>"; };
		80E6915FBB402862CC9F2322 /* Pods-Chancecon.ad hoc distribution.xcconfig */ = {isa = PBXFileReference; includeInIndex = 1; lastKnownFileType = text.xcconfig; name = "Pods-Chancecon.ad hoc distribution.xcconfig"; path = "Pods/Target Support Files/Pods-Chancecon/Pods-Chancecon.ad hoc distribution.xcconfig"; sourceTree = "<group>"; };
		9E95964DBD2A9298CC0E6504 /* Pods_Chancecon.framework */ = {isa = PBXFileReference; explicitFileType = wrapper.framework; includeInIndex = 0; path = Pods_Chancecon.framework; sourceTree = BUILT_PRODUCTS_DIR; };
/* End PBXFileReference section */

/* Begin PBXFrameworksBuildPhase section */
		1A82B8401D13774600AF6702 /* Frameworks */ = {
			isa = PBXFrameworksBuildPhase;
			buildActionMask = 2147483647;
			files = (
				D965ADEA7AF1D24C361CD4FC /* Pods_Chancecon.framework in Frameworks */,
			);
			runOnlyForDeploymentPostprocessing = 0;
		};
/* End PBXFrameworksBuildPhase section */

/* Begin PBXGroup section */
		1A1EE4351D1D22E600365A00 /* Core */ = {
			isa = PBXGroup;
			children = (
				1A1EE4311D1D22E600365A00 /* MMDrawerController.h */,
				1A1EE4321D1D22E600365A00 /* MMDrawerController.m */,
				1A1EE4331D1D22E600365A00 /* UIViewController+MMDrawerController.h */,
				1A1EE4341D1D22E600365A00 /* UIViewController+MMDrawerController.m */,
			);
			name = Core;
			sourceTree = "<group>";
		};
		1A1EE4381D1D22E600365A00 /* MMDrawerBarButtonItem */ = {
			isa = PBXGroup;
			children = (
				1A1EE4361D1D22E600365A00 /* MMDrawerBarButtonItem.h */,
				1A1EE4371D1D22E600365A00 /* MMDrawerBarButtonItem.m */,
			);
			name = MMDrawerBarButtonItem;
			sourceTree = "<group>";
		};
		1A1EE43B1D1D22E600365A00 /* MMDrawerVisualStates */ = {
			isa = PBXGroup;
			children = (
				1A1EE4391D1D22E600365A00 /* MMDrawerVisualState.h */,
				1A1EE43A1D1D22E600365A00 /* MMDrawerVisualState.m */,
			);
			name = MMDrawerVisualStates;
			sourceTree = "<group>";
		};
		1A1EE43D1D1D22E600365A00 /* Subclass */ = {
			isa = PBXGroup;
			children = (
				1A1EE43C1D1D22E600365A00 /* MMDrawerController+Subclass.h */,
			);
			name = Subclass;
			sourceTree = "<group>";
		};
		1A1EE4441D1D22E600365A00 /* Support Files */ = {
			isa = PBXGroup;
			children = (
				1A1EE43E1D1D22E600365A00 /* Info.plist */,
				1A1EE43F1D1D22E600365A00 /* MMDrawerController.modulemap */,
				1A1EE4401D1D22E600365A00 /* MMDrawerController.xcconfig */,
				1A1EE4411D1D22E600365A00 /* MMDrawerController-dummy.m */,
				1A1EE4421D1D22E600365A00 /* MMDrawerController-prefix.pch */,
				1A1EE4431D1D22E600365A00 /* MMDrawerController-umbrella.h */,
			);
			name = "Support Files";
			path = "../Target Support Files/MMDrawerController";
			sourceTree = "<group>";
		};
		1A1EE4451D1D22E600365A00 /* MMDrawerController */ = {
			isa = PBXGroup;
			children = (
				1A1EE4351D1D22E600365A00 /* Core */,
				1A1EE4381D1D22E600365A00 /* MMDrawerBarButtonItem */,
				1A1EE43B1D1D22E600365A00 /* MMDrawerVisualStates */,
				1A1EE43D1D1D22E600365A00 /* Subclass */,
				1A1EE4441D1D22E600365A00 /* Support Files */,
			);
			name = MMDrawerController;
			path = ../Pods/MMDrawerController;
			sourceTree = "<group>";
		};
		1A1EE44D1D1D231F00365A00 /* ImportSource */ = {
			isa = PBXGroup;
			children = (
				1A1EE4451D1D22E600365A00 /* MMDrawerController */,
				1A82B85E1D13833A00AF6702 /* LBLaunchImageAd */,
				1A82B88F1D1385CD00AF6702 /* SDWebImage */,
				1A1EE42F1D1D22CF00365A00 /* CircleProgressBar.m */,
				1A1EE42B1D1D22B000365A00 /* MBProgressHUD.h */,
				1A1EE42C1D1D22B000365A00 /* MBProgressHUD.m */,
				1A1EE42E1D1D22CF00365A00 /* CircleProgressBar.h */,
			);
			name = ImportSource;
			sourceTree = "<group>";
		};
		1A40F6021D1962A800F7A1FA /* SampleImages */ = {
			isa = PBXGroup;
			children = (
				1A40F5EA1D19629E00F7A1FA /* image0.jpg */,
				1A40F5EB1D19629E00F7A1FA /* image1.jpg */,
				1A40F5EC1D19629E00F7A1FA /* image10.jpg */,
				1A40F5ED1D19629E00F7A1FA /* image12.jpg */,
				1A40F5EE1D19629E00F7A1FA /* image2.jpg */,
				1A40F5EF1D19629E00F7A1FA /* image3.jpg */,
				1A40F5F01D19629E00F7A1FA /* image4.jpg */,
				1A40F5F11D19629E00F7A1FA /* image5.jpg */,
				1A40F5F21D19629E00F7A1FA /* image6.jpg */,
				1A40F5F31D19629E00F7A1FA /* image7.jpg */,
				1A40F5F41D19629E00F7A1FA /* image8.jpg */,
				1A40F5F51D19629E00F7A1FA /* image9.jpg */,
			);
			name = SampleImages;
			sourceTree = "<group>";
		};
		1A82B83A1D13774600AF6702 = {
			isa = PBXGroup;
			children = (
				1A82B8451D13774600AF6702 /* Chancecon */,
				1A82B8441D13774600AF6702 /* Products */,
				21E2630E1CEF92C72FAABB14 /* Pods */,
				F831514CE573AF2BC50AC9D5 /* Frameworks */,
			);
			sourceTree = "<group>";
		};
		1A82B8441D13774600AF6702 /* Products */ = {
			isa = PBXGroup;
			children = (
				1A82B8431D13774600AF6702 /* Chancecon.app */,
			);
			name = Products;
			sourceTree = "<group>";
		};
		1A82B8451D13774600AF6702 /* Chancecon */ = {
			isa = PBXGroup;
			children = (
				1A1EE44D1D1D231F00365A00 /* ImportSource */,
				1A82B85D1D1377BD00AF6702 /* Resource */,
				1A82B8D71D148ECD00AF6702 /* ViewController */,
				1A82B84A1D13774600AF6702 /* Main.storyboard */,
				1A82B8521D13774600AF6702 /* LaunchScreen.storyboard */,
				1A82B8461D13774600AF6702 /* AppDelegate.swift */,
				1A82B85F1D13835400AF6702 /* Chancecon-Bridging-Header.h */,
				1A82B8501D13774600AF6702 /* Assets.xcassets */,
				1A82B8551D13774600AF6702 /* Info.plist */,
				1A82B84D1D13774600AF6702 /* Chancecon.xcdatamodeld */,
				1A82B8D81D148F9600AF6702 /* GoogleService-Info.plist */,
			);
			path = Chancecon;
			sourceTree = "<group>";
		};
		1A82B85D1D1377BD00AF6702 /* Resource */ = {
			isa = PBXGroup;
			children = (
				1A82B85B1D1377BA00AF6702 /* Retina_5.5.png */,
				1A40F6021D1962A800F7A1FA /* SampleImages */,
			);
			name = Resource;
			sourceTree = "<group>";
		};
		1A82B85E1D13833A00AF6702 /* LBLaunchImageAd */ = {
			isa = PBXGroup;
			children = (
				1A82B8601D13835500AF6702 /* LBLaunchImageAdView.h */,
				1A82B8611D13835500AF6702 /* LBLaunchImageAdView.m */,
			);
			name = LBLaunchImageAd;
			sourceTree = "<group>";
		};
		1A82B88F1D1385CD00AF6702 /* SDWebImage */ = {
			isa = PBXGroup;
			children = (
				1A82B8901D1385CD00AF6702 /* MKAnnotationView+WebCache.h */,
				1A82B8911D1385CD00AF6702 /* MKAnnotationView+WebCache.m */,
				1A82B8921D1385CD00AF6702 /* NSData+ImageContentType.h */,
				1A82B8931D1385CD00AF6702 /* NSData+ImageContentType.m */,
				1A82B8941D1385CD00AF6702 /* SDImageCache.h */,
				1A82B8951D1385CD00AF6702 /* SDImageCache.m */,
				1A82B8961D1385CD00AF6702 /* SDWebImageCompat.h */,
				1A82B8971D1385CD00AF6702 /* SDWebImageCompat.m */,
				1A82B8981D1385CD00AF6702 /* SDWebImageDecoder.h */,
				1A82B8991D1385CD00AF6702 /* SDWebImageDecoder.m */,
				1A82B89A1D1385CD00AF6702 /* SDWebImageDownloader.h */,
				1A82B89B1D1385CD00AF6702 /* SDWebImageDownloader.m */,
				1A82B89C1D1385CD00AF6702 /* SDWebImageDownloaderOperation.h */,
				1A82B89D1D1385CD00AF6702 /* SDWebImageDownloaderOperation.m */,
				1A82B89E1D1385CD00AF6702 /* SDWebImageManager.h */,
				1A82B89F1D1385CD00AF6702 /* SDWebImageManager.m */,
				1A82B8A01D1385CD00AF6702 /* SDWebImageOperation.h */,
				1A82B8A11D1385CD00AF6702 /* SDWebImagePrefetcher.h */,
				1A82B8A21D1385CD00AF6702 /* SDWebImagePrefetcher.m */,
				1A82B8A31D1385CD00AF6702 /* UIButton+WebCache.h */,
				1A82B8A41D1385CD00AF6702 /* UIButton+WebCache.m */,
				1A82B8A51D1385CD00AF6702 /* UIImage+GIF.h */,
				1A82B8A61D1385CD00AF6702 /* UIImage+GIF.m */,
				1A82B8A71D1385CD00AF6702 /* UIImage+MultiFormat.h */,
				1A82B8A81D1385CD00AF6702 /* UIImage+MultiFormat.m */,
				1A82B8A91D1385CD00AF6702 /* UIImage+WebP.h */,
				1A82B8AA1D1385CD00AF6702 /* UIImage+WebP.m */,
				1A82B8AB1D1385CD00AF6702 /* UIImageView+HighlightedWebCache.h */,
				1A82B8AC1D1385CD00AF6702 /* UIImageView+HighlightedWebCache.m */,
				1A82B8AD1D1385CD00AF6702 /* UIImageView+WebCache.h */,
				1A82B8AE1D1385CD00AF6702 /* UIImageView+WebCache.m */,
				1A82B8AF1D1385CD00AF6702 /* UIView+WebCacheOperation.h */,
				1A82B8B01D1385CD00AF6702 /* UIView+WebCacheOperation.m */,
			);
			path = SDWebImage;
			sourceTree = "<group>";
		};
		1A82B8D71D148ECD00AF6702 /* ViewController */ = {
			isa = PBXGroup;
			children = (
				1A82B8DC1D14B07000AF6702 /* AboutViewController.swift */,
				1A82B8481D13774600AF6702 /* ViewController.swift */,
				1A82B8C11D13911800AF6702 /* AdViewController.swift */,
				1A82B8D11D148A1B00AF6702 /* LeftSideViewController.swift */,
				1A82B8D51D148EC300AF6702 /* MainPageViewController.swift */,
				1AA97A951D14E18D00B10A07 /* SignUpViewController.swift */,
				1AEB268D1D17B9E500DB4AF0 /* GalleryViewController.swift */,
				1A40F5E51D1959D000F7A1FA /* PhotoBroswerViewController.swift */,
				1ACF710D1D199BDF0082A10B /* NewsViewController.swift */,
				1A40F5E81D19605C00F7A1FA /* CollectionViewCell.swift */,
				1AF3EEF21D18D5BE00083C2B /* CustomCell.swift */,
				1A94BB9A1D2DD7E800317925 /* Values.swift */,
			);
			name = ViewController;
			sourceTree = "<group>";
		};
		21E2630E1CEF92C72FAABB14 /* Pods */ = {
			isa = PBXGroup;
			children = (
				712E7D77D7BE81BB879A4A84 /* Pods-Chancecon.debug.xcconfig */,
				0A6A4BF2A36EBCD162FFD333 /* Pods-Chancecon.release.xcconfig */,
				80E6915FBB402862CC9F2322 /* Pods-Chancecon.ad hoc distribution.xcconfig */,
			);
			name = Pods;
			sourceTree = "<group>";
		};
		F831514CE573AF2BC50AC9D5 /* Frameworks */ = {
			isa = PBXGroup;
			children = (
				9E95964DBD2A9298CC0E6504 /* Pods_Chancecon.framework */,
			);
			name = Frameworks;
			sourceTree = "<group>";
		};
/* End PBXGroup section */

/* Begin PBXNativeTarget section */
		1A82B8421D13774600AF6702 /* Chancecon */ = {
			isa = PBXNativeTarget;
			buildConfigurationList = 1A82B8581D13774600AF6702 /* Build configuration list for PBXNativeTarget "Chancecon" */;
			buildPhases = (
				EA87AB553E4894BD64869D63 /* [CP] Check Pods Manifest.lock */,
				1A82B83F1D13774600AF6702 /* Sources */,
				1A82B8401D13774600AF6702 /* Frameworks */,
				1A82B8411D13774600AF6702 /* Resources */,
				1757F7A4BB66065AC286EA8C /* [CP] Embed Pods Frameworks */,
				9E6DBB6FD33A742152D10FA8 /* [CP] Copy Pods Resources */,
			);
			buildRules = (
			);
			dependencies = (
			);
			name = Chancecon;
			productName = Chancecon;
			productReference = 1A82B8431D13774600AF6702 /* Chancecon.app */;
			productType = "com.apple.product-type.application";
		};
/* End PBXNativeTarget section */

/* Begin PBXProject section */
		1A82B83B1D13774600AF6702 /* Project object */ = {
			isa = PBXProject;
			attributes = {
				LastSwiftUpdateCheck = 0730;
				LastUpgradeCheck = 0730;
				ORGANIZATIONNAME = "Chancellor Construction Ltd";
				TargetAttributes = {
					1A82B8421D13774600AF6702 = {
						CreatedOnToolsVersion = 7.3;
						DevelopmentTeam = 94HMD4ME6A;
						SystemCapabilities = {
							com.apple.BackgroundModes = {
								enabled = 1;
							};
							com.apple.Push = {
								enabled = 1;
							};
						};
					};
				};
			};
			buildConfigurationList = 1A82B83E1D13774600AF6702 /* Build configuration list for PBXProject "Chancecon" */;
			compatibilityVersion = "Xcode 3.2";
			developmentRegion = English;
			hasScannedForEncodings = 0;
			knownRegions = (
				en,
				Base,
			);
			mainGroup = 1A82B83A1D13774600AF6702;
			productRefGroup = 1A82B8441D13774600AF6702 /* Products */;
			projectDirPath = "";
			projectRoot = "";
			targets = (
				1A82B8421D13774600AF6702 /* Chancecon */,
			);
		};
/* End PBXProject section */

/* Begin PBXResourcesBuildPhase section */
		1A82B8411D13774600AF6702 /* Resources */ = {
			isa = PBXResourcesBuildPhase;
			buildActionMask = 2147483647;
			files = (
				1A40F5FB1D19629E00F7A1FA /* image3.jpg in Resources */,
				1A40F5FD1D19629E00F7A1FA /* image5.jpg in Resources */,
				1A1EE44A1D1D22E600365A00 /* Info.plist in Resources */,
				1A40F5FE1D19629E00F7A1FA /* image6.jpg in Resources */,
				1A82B8541D13774600AF6702 /* LaunchScreen.storyboard in Resources */,
				1A82B8511D13774600AF6702 /* Assets.xcassets in Resources */,
				1A40F5FF1D19629E00F7A1FA /* image7.jpg in Resources */,
				1A82B8D91D148F9600AF6702 /* GoogleService-Info.plist in Resources */,
				1A40F5FC1D19629E00F7A1FA /* image4.jpg in Resources */,
				1A40F5F61D19629E00F7A1FA /* image0.jpg in Resources */,
				1A40F5F91D19629E00F7A1FA /* image12.jpg in Resources */,
				1A82B84C1D13774600AF6702 /* Main.storyboard in Resources */,
				1A82B85C1D1377BA00AF6702 /* Retina_5.5.png in Resources */,
				1A40F6011D19629E00F7A1FA /* image9.jpg in Resources */,
				1A40F5F81D19629E00F7A1FA /* image10.jpg in Resources */,
				1A40F5FA1D19629E00F7A1FA /* image2.jpg in Resources */,
				1A40F6001D19629E00F7A1FA /* image8.jpg in Resources */,
				1A40F5F71D19629E00F7A1FA /* image1.jpg in Resources */,
			);
			runOnlyForDeploymentPostprocessing = 0;
		};
/* End PBXResourcesBuildPhase section */

/* Begin PBXShellScriptBuildPhase section */
		1757F7A4BB66065AC286EA8C /* [CP] Embed Pods Frameworks */ = {
			isa = PBXShellScriptBuildPhase;
			buildActionMask = 2147483647;
			files = (
			);
			inputPaths = (
			);
			name = "[CP] Embed Pods Frameworks";
			outputPaths = (
			);
			runOnlyForDeploymentPostprocessing = 0;
			shellPath = /bin/sh;
			shellScript = "\"${SRCROOT}/Pods/Target Support Files/Pods-Chancecon/Pods-Chancecon-frameworks.sh\"\n";
			showEnvVarsInLog = 0;
		};
		9E6DBB6FD33A742152D10FA8 /* [CP] Copy Pods Resources */ = {
			isa = PBXShellScriptBuildPhase;
			buildActionMask = 2147483647;
			files = (
			);
			inputPaths = (
			);
			name = "[CP] Copy Pods Resources";
			outputPaths = (
			);
			runOnlyForDeploymentPostprocessing = 0;
			shellPath = /bin/sh;
			shellScript = "\"${SRCROOT}/Pods/Target Support Files/Pods-Chancecon/Pods-Chancecon-resources.sh\"\n";
			showEnvVarsInLog = 0;
		};
		EA87AB553E4894BD64869D63 /* [CP] Check Pods Manifest.lock */ = {
			isa = PBXShellScriptBuildPhase;
			buildActionMask = 2147483647;
			files = (
			);
			inputPaths = (
			);
			name = "[CP] Check Pods Manifest.lock";
			outputPaths = (
			);
			runOnlyForDeploymentPostprocessing = 0;
			shellPath = /bin/sh;
			shellScript = "diff \"${PODS_ROOT}/../Podfile.lock\" \"${PODS_ROOT}/Manifest.lock\" > /dev/null\nif [[ $? != 0 ]] ; then\n    cat << EOM\nerror: The sandbox is not in sync with the Podfile.lock. Run 'pod install' or update your CocoaPods installation.\nEOM\n    exit 1\nfi\n";
			showEnvVarsInLog = 0;
		};
/* End PBXShellScriptBuildPhase section */

/* Begin PBXSourcesBuildPhase section */
		1A82B83F1D13774600AF6702 /* Sources */ = {
			isa = PBXSourcesBuildPhase;
			buildActionMask = 2147483647;
			files = (
				1AEB268E1D17B9E500DB4AF0 /* GalleryViewController.swift in Sources */,
				1A82B8BE1D1385CD00AF6702 /* UIImageView+HighlightedWebCache.m in Sources */,
				1ACF710E1D199BDF0082A10B /* NewsViewController.swift in Sources */,
				1A40F5E91D19605C00F7A1FA /* CollectionViewCell.swift in Sources */,
				1A82B8BC1D1385CD00AF6702 /* UIImage+MultiFormat.m in Sources */,
				1A82B8D21D148A1B00AF6702 /* LeftSideViewController.swift in Sources */,
				1A82B8B71D1385CD00AF6702 /* SDWebImageDownloaderOperation.m in Sources */,
				1A94BB9B1D2DD7E800317925 /* Values.swift in Sources */,
				1A40F5E61D1959D000F7A1FA /* PhotoBroswerViewController.swift in Sources */,
				1A82B8621D13835500AF6702 /* LBLaunchImageAdView.m in Sources */,
				1A82B8B41D1385CD00AF6702 /* SDWebImageCompat.m in Sources */,
				1A82B8BB1D1385CD00AF6702 /* UIImage+GIF.m in Sources */,
				1AF3EEF31D18D5BE00083C2B /* CustomCell.swift in Sources */,
				1A82B8B91D1385CD00AF6702 /* SDWebImagePrefetcher.m in Sources */,
				1A1EE4491D1D22E600365A00 /* MMDrawerVisualState.m in Sources */,
				1A1EE4481D1D22E600365A00 /* MMDrawerBarButtonItem.m in Sources */,
				1A82B8491D13774600AF6702 /* ViewController.swift in Sources */,
				1A1EE4301D1D22CF00365A00 /* CircleProgressBar.m in Sources */,
				1A82B8471D13774600AF6702 /* AppDelegate.swift in Sources */,
				1A1EE42D1D1D22B000365A00 /* MBProgressHUD.m in Sources */,
				1A82B8BD1D1385CD00AF6702 /* UIImage+WebP.m in Sources */,
				1A82B8BF1D1385CD00AF6702 /* UIImageView+WebCache.m in Sources */,
				1A82B8B61D1385CD00AF6702 /* SDWebImageDownloader.m in Sources */,
				1A82B8C01D1385CD00AF6702 /* UIView+WebCacheOperation.m in Sources */,
				1A82B8BA1D1385CD00AF6702 /* UIButton+WebCache.m in Sources */,
				1A1EE4471D1D22E600365A00 /* UIViewController+MMDrawerController.m in Sources */,
				1A82B8B11D1385CD00AF6702 /* MKAnnotationView+WebCache.m in Sources */,
				1A1EE44C1D1D22E600365A00 /* MMDrawerController-dummy.m in Sources */,
				1A82B8C21D13911800AF6702 /* AdViewController.swift in Sources */,
				1A82B8B21D1385CD00AF6702 /* NSData+ImageContentType.m in Sources */,
				1A82B84F1D13774600AF6702 /* Chancecon.xcdatamodeld in Sources */,
				1AA97A961D14E18D00B10A07 /* SignUpViewController.swift in Sources */,
				1A82B8B81D1385CD00AF6702 /* SDWebImageManager.m in Sources */,
				1A82B8B51D1385CD00AF6702 /* SDWebImageDecoder.m in Sources */,
				1A82B8DD1D14B07000AF6702 /* AboutViewController.swift in Sources */,
				1A82B8D61D148EC300AF6702 /* MainPageViewController.swift in Sources */,
				1A1EE4461D1D22E600365A00 /* MMDrawerController.m in Sources */,
				1A82B8B31D1385CD00AF6702 /* SDImageCache.m in Sources */,
			);
			runOnlyForDeploymentPostprocessing = 0;
		};
/* End PBXSourcesBuildPhase section */

/* Begin PBXVariantGroup section */
		1A82B84A1D13774600AF6702 /* Main.storyboard */ = {
			isa = PBXVariantGroup;
			children = (
				1A82B84B1D13774600AF6702 /* Base */,
			);
			name = Main.storyboard;
			sourceTree = "<group>";
		};
		1A82B8521D13774600AF6702 /* LaunchScreen.storyboard */ = {
			isa = PBXVariantGroup;
			children = (
				1A82B8531D13774600AF6702 /* Base */,
			);
			name = LaunchScreen.storyboard;
			sourceTree = "<group>";
		};
/* End PBXVariantGroup section */

/* Begin XCBuildConfiguration section */
		1A06F6191D19685A009030F1 /* ad hoc distribution */ = {
			isa = XCBuildConfiguration;
			buildSettings = {
				ALWAYS_SEARCH_USER_PATHS = NO;
				CLANG_ANALYZER_NONNULL = YES;
				CLANG_CXX_LANGUAGE_STANDARD = "gnu++0x";
				CLANG_CXX_LIBRARY = "libc++";
				CLANG_ENABLE_MODULES = YES;
				CLANG_ENABLE_OBJC_ARC = YES;
				CLANG_WARN_BOOL_CONVERSION = YES;
				CLANG_WARN_CONSTANT_CONVERSION = YES;
				CLANG_WARN_DIRECT_OBJC_ISA_USAGE = YES_ERROR;
				CLANG_WARN_EMPTY_BODY = YES;
				CLANG_WARN_ENUM_CONVERSION = YES;
				CLANG_WARN_INT_CONVERSION = YES;
				CLANG_WARN_OBJC_ROOT_CLASS = YES_ERROR;
				CLANG_WARN_UNREACHABLE_CODE = YES;
				CLANG_WARN__DUPLICATE_METHOD_MATCH = YES;
				"CODE_SIGN_IDENTITY[sdk=iphoneos*]" = "iPhone Developer";
				COPY_PHASE_STRIP = NO;
				DEBUG_INFORMATION_FORMAT = "dwarf-with-dsym";
				ENABLE_NS_ASSERTIONS = NO;
				ENABLE_STRICT_OBJC_MSGSEND = YES;
				GCC_C_LANGUAGE_STANDARD = gnu99;
				GCC_NO_COMMON_BLOCKS = YES;
				GCC_WARN_64_TO_32_BIT_CONVERSION = YES;
				GCC_WARN_ABOUT_RETURN_TYPE = YES_ERROR;
				GCC_WARN_UNDECLARED_SELECTOR = YES;
				GCC_WARN_UNINITIALIZED_AUTOS = YES_AGGRESSIVE;
				GCC_WARN_UNUSED_FUNCTION = YES;
				GCC_WARN_UNUSED_VARIABLE = YES;
				IPHONEOS_DEPLOYMENT_TARGET = 9.3;
				MTL_ENABLE_DEBUG_INFO = NO;
				SDKROOT = iphoneos;
				VALIDATE_PRODUCT = YES;
			};
			name = "ad hoc distribution";
		};
		1A06F61A1D19685A009030F1 /* ad hoc distribution */ = {
			isa = XCBuildConfiguration;
			baseConfigurationReference = 80E6915FBB402862CC9F2322 /* Pods-Chancecon.ad hoc distribution.xcconfig */;
			buildSettings = {
				ASSETCATALOG_COMPILER_APPICON_NAME = AppIcon;
				CLANG_ENABLE_MODULES = YES;
				CODE_SIGN_IDENTITY = "iPhone Developer";
				INFOPLIST_FILE = Chancecon/Info.plist;
				LD_RUNPATH_SEARCH_PATHS = "$(inherited) @executable_path/Frameworks";
				PRODUCT_BUNDLE_IDENTIFIER = freedom.chancellor.chancecon;
				PRODUCT_NAME = "$(TARGET_NAME)";
				SWIFT_OBJC_BRIDGING_HEADER = "Chancecon/Chancecon-Bridging-Header.h";
			};
			name = "ad hoc distribution";
		};
		1A82B8561D13774600AF6702 /* Debug */ = {
			isa = XCBuildConfiguration;
			buildSettings = {
				ALWAYS_SEARCH_USER_PATHS = NO;
				CLANG_ANALYZER_NONNULL = YES;
				CLANG_CXX_LANGUAGE_STANDARD = "gnu++0x";
				CLANG_CXX_LIBRARY = "libc++";
				CLANG_ENABLE_MODULES = YES;
				CLANG_ENABLE_OBJC_ARC = YES;
				CLANG_WARN_BOOL_CONVERSION = YES;
				CLANG_WARN_CONSTANT_CONVERSION = YES;
				CLANG_WARN_DIRECT_OBJC_ISA_USAGE = YES_ERROR;
				CLANG_WARN_EMPTY_BODY = YES;
				CLANG_WARN_ENUM_CONVERSION = YES;
				CLANG_WARN_INT_CONVERSION = YES;
				CLANG_WARN_OBJC_ROOT_CLASS = YES_ERROR;
				CLANG_WARN_UNREACHABLE_CODE = YES;
				CLANG_WARN__DUPLICATE_METHOD_MATCH = YES;
				"CODE_SIGN_IDENTITY[sdk=iphoneos*]" = "iPhone Developer";
				COPY_PHASE_STRIP = NO;
				DEBUG_INFORMATION_FORMAT = dwarf;
				ENABLE_STRICT_OBJC_MSGSEND = YES;
				ENABLE_TESTABILITY = YES;
				GCC_C_LANGUAGE_STANDARD = gnu99;
				GCC_DYNAMIC_NO_PIC = NO;
				GCC_NO_COMMON_BLOCKS = YES;
				GCC_OPTIMIZATION_LEVEL = 0;
				GCC_PREPROCESSOR_DEFINITIONS = (
					"DEBUG=1",
					"$(inherited)",
				);
				GCC_WARN_64_TO_32_BIT_CONVERSION = YES;
				GCC_WARN_ABOUT_RETURN_TYPE = YES_ERROR;
				GCC_WARN_UNDECLARED_SELECTOR = YES;
				GCC_WARN_UNINITIALIZED_AUTOS = YES_AGGRESSIVE;
				GCC_WARN_UNUSED_FUNCTION = YES;
				GCC_WARN_UNUSED_VARIABLE = YES;
				IPHONEOS_DEPLOYMENT_TARGET = 9.3;
				MTL_ENABLE_DEBUG_INFO = YES;
				ONLY_ACTIVE_ARCH = YES;
				SDKROOT = iphoneos;
				SWIFT_OPTIMIZATION_LEVEL = "-Onone";
			};
			name = Debug;
		};
		1A82B8571D13774600AF6702 /* Release */ = {
			isa = XCBuildConfiguration;
			buildSettings = {
				ALWAYS_SEARCH_USER_PATHS = NO;
				CLANG_ANALYZER_NONNULL = YES;
				CLANG_CXX_LANGUAGE_STANDARD = "gnu++0x";
				CLANG_CXX_LIBRARY = "libc++";
				CLANG_ENABLE_MODULES = YES;
				CLANG_ENABLE_OBJC_ARC = YES;
				CLANG_WARN_BOOL_CONVERSION = YES;
				CLANG_WARN_CONSTANT_CONVERSION = YES;
				CLANG_WARN_DIRECT_OBJC_ISA_USAGE = YES_ERROR;
				CLANG_WARN_EMPTY_BODY = YES;
				CLANG_WARN_ENUM_CONVERSION = YES;
				CLANG_WARN_INT_CONVERSION = YES;
				CLANG_WARN_OBJC_ROOT_CLASS = YES_ERROR;
				CLANG_WARN_UNREACHABLE_CODE = YES;
				CLANG_WARN__DUPLICATE_METHOD_MATCH = YES;
				"CODE_SIGN_IDENTITY[sdk=iphoneos*]" = "iPhone Developer";
				COPY_PHASE_STRIP = NO;
				DEBUG_INFORMATION_FORMAT = "dwarf-with-dsym";
				ENABLE_NS_ASSERTIONS = NO;
				ENABLE_STRICT_OBJC_MSGSEND = YES;
				GCC_C_LANGUAGE_STANDARD = gnu99;
				GCC_NO_COMMON_BLOCKS = YES;
				GCC_WARN_64_TO_32_BIT_CONVERSION = YES;
				GCC_WARN_ABOUT_RETURN_TYPE = YES_ERROR;
				GCC_WARN_UNDECLARED_SELECTOR = YES;
				GCC_WARN_UNINITIALIZED_AUTOS = YES_AGGRESSIVE;
				GCC_WARN_UNUSED_FUNCTION = YES;
				GCC_WARN_UNUSED_VARIABLE = YES;
				IPHONEOS_DEPLOYMENT_TARGET = 9.3;
				MTL_ENABLE_DEBUG_INFO = NO;
				SDKROOT = iphoneos;
				VALIDATE_PRODUCT = YES;
			};
			name = Release;
		};
		1A82B8591D13774600AF6702 /* Debug */ = {
			isa = XCBuildConfiguration;
			baseConfigurationReference = 712E7D77D7BE81BB879A4A84 /* Pods-Chancecon.debug.xcconfig */;
			buildSettings = {
				ASSETCATALOG_COMPILER_APPICON_NAME = AppIcon;
				CLANG_ENABLE_MODULES = YES;
				CODE_SIGN_IDENTITY = "iPhone Developer";
				INFOPLIST_FILE = Chancecon/Info.plist;
				LD_RUNPATH_SEARCH_PATHS = "$(inherited) @executable_path/Frameworks";
				PRODUCT_BUNDLE_IDENTIFIER = freedom.chancellor.chancecon;
				PRODUCT_NAME = "$(TARGET_NAME)";
				SWIFT_OBJC_BRIDGING_HEADER = "Chancecon/Chancecon-Bridging-Header.h";
				SWIFT_OPTIMIZATION_LEVEL = "-Onone";
			};
			name = Debug;
		};
		1A82B85A1D13774600AF6702 /* Release */ = {
			isa = XCBuildConfiguration;
			baseConfigurationReference = 0A6A4BF2A36EBCD162FFD333 /* Pods-Chancecon.release.xcconfig */;
			buildSettings = {
				ASSETCATALOG_COMPILER_APPICON_NAME = AppIcon;
				CLANG_ENABLE_MODULES = YES;
				CODE_SIGN_IDENTITY = "iPhone Developer";
				INFOPLIST_FILE = Chancecon/Info.plist;
				LD_RUNPATH_SEARCH_PATHS = "$(inherited) @executable_path/Frameworks";
				PRODUCT_BUNDLE_IDENTIFIER = freedom.chancellor.chancecon;
				PRODUCT_NAME = "$(TARGET_NAME)";
				SWIFT_OBJC_BRIDGING_HEADER = "Chancecon/Chancecon-Bridging-Header.h";
			};
			name = Release;
		};
/* End XCBuildConfiguration section */

/* Begin XCConfigurationList section */
		1A82B83E1D13774600AF6702 /* Build configuration list for PBXProject "Chancecon" */ = {
			isa = XCConfigurationList;
			buildConfigurations = (
				1A82B8561D13774600AF6702 /* Debug */,
				1A82B8571D13774600AF6702 /* Release */,
				1A06F6191D19685A009030F1 /* ad hoc distribution */,
			);
			defaultConfigurationIsVisible = 0;
			defaultConfigurationName = Release;
		};
		1A82B8581D13774600AF6702 /* Build configuration list for PBXNativeTarget "Chancecon" */ = {
			isa = XCConfigurationList;
			buildConfigurations = (
				1A82B8591D13774600AF6702 /* Debug */,
				1A82B85A1D13774600AF6702 /* Release */,
				1A06F61A1D19685A009030F1 /* ad hoc distribution */,
			);
			defaultConfigurationIsVisible = 0;
			defaultConfigurationName = Release;
		};
/* End XCConfigurationList section */

/* Begin XCVersionGroup section */
		1A82B84D1D13774600AF6702 /* Chancecon.xcdatamodeld */ = {
			isa = XCVersionGroup;
			children = (
				1A82B84E1D13774600AF6702 /* Chancecon.xcdatamodel */,
			);
			currentVersion = 1A82B84E1D13774600AF6702 /* Chancecon.xcdatamodel */;
			path = Chancecon.xcdatamodeld;
			sourceTree = "<group>";
			versionGroupType = wrapper.xcdatamodel;
		};
/* End XCVersionGroup section */
	};
	rootObject = 1A82B83B1D13774600AF6702 /* Project object */;
}
